
Microsoft Visual Studio Solution File, Format Version 12.00
# Visual Studio Version 17
VisualStudioVersion = 17.6.33801.468
MinimumVisualStudioVersion = 10.0.40219.1
Project("{9A19103F-16F7-4668-BE54-9A1E7A4F7556}") = "Transversal.Common", "Transversal.Common\Transversal.Common.csproj", "{561BE245-9333-4626-948E-1A1ACD73003A}"
EndProject
Project("{2150E333-8FDC-42A3-9474-1A3956D46DE8}") = "Aplicacion", "Aplicacion", "{A8708696-8275-4C26-B217-4E8E0C690C55}"
EndProject
Project("{2150E333-8FDC-42A3-9474-1A3956D46DE8}") = "Dominio", "Dominio", "{E4D3CA20-CB88-4F95-BAE6-2002EB20E1BE}"
EndProject
Project("{2150E333-8FDC-42A3-9474-1A3956D46DE8}") = "Infraestructura", "Infraestructura", "{918C0D79-8EC5-4CE9-AF36-3172F8590596}"
EndProject
Project("{2150E333-8FDC-42A3-9474-1A3956D46DE8}") = "Servicio", "Servicio", "{D8B49820-D0CE-4818-9610-D9EFB02E8F3A}"
EndProject
Project("{2150E333-8FDC-42A3-9474-1A3956D46DE8}") = "Transversal", "Transversal", "{BA79684A-CA64-4302-863E-A44E66C726BD}"
EndProject
Project("{9A19103F-16F7-4668-BE54-9A1E7A4F7556}") = "Infraestructure.Data", "Infraestructure.Data\Infraestructure.Data.csproj", "{38777E4D-2A39-4147-BE89-2A220D7B7694}"
EndProject
Project("{9A19103F-16F7-4668-BE54-9A1E7A4F7556}") = "Infraestructure.Interface", "Infraestructure.Interface\Infraestructure.Interface.csproj", "{0E21A5D8-DE30-4ED6-B3C9-40F0E9C930B5}"
EndProject
Project("{9A19103F-16F7-4668-BE54-9A1E7A4F7556}") = "Domain.Entity", "Domain.Entity\Domain.Entity.csproj", "{47846A06-BECF-4EEC-84F3-968233281481}"
EndProject
Project("{9A19103F-16F7-4668-BE54-9A1E7A4F7556}") = "Infraestructure.Repository", "Infraestructure.Repository\Infraestructure.Repository.csproj", "{ACE87C14-D835-469A-8BAA-C97FFFA94711}"
EndProject
Project("{9A19103F-16F7-4668-BE54-9A1E7A4F7556}") = "Domain.Interface", "Domain.Interface\Domain.Interface.csproj", "{4AF2DE17-49BB-40FE-B5CF-BFDD6CB755FE}"
EndProject
Project("{9A19103F-16F7-4668-BE54-9A1E7A4F7556}") = "Domain.Core", "Domain.Core\Domain.Core.csproj", "{917A7293-779B-4A1B-81D6-0C623A4730AB}"
EndProject
Project("{9A19103F-16F7-4668-BE54-9A1E7A4F7556}") = "Application.DTO", "Application.DTO\Application.DTO.csproj", "{565FE311-FCEF-4696-A24E-EBF7033E261C}"
EndProject
Project("{9A19103F-16F7-4668-BE54-9A1E7A4F7556}") = "Transversal.Mapper", "Transversal.Mapper\Transversal.Mapper.csproj", "{2C7C80EC-125D-4417-B4E7-55F278B1D7CB}"
EndProject
Project("{9A19103F-16F7-4668-BE54-9A1E7A4F7556}") = "Application.Interface", "Application.Interface\Application.Interface.csproj", "{1FFDDD65-1EA2-46A9-96EF-7EDB34B83C21}"
EndProject
Project("{9A19103F-16F7-4668-BE54-9A1E7A4F7556}") = "Application.Main", "Application.Main\Application.Main.csproj", "{AF9BA78F-2F0F-484F-8D97-352C0339AE66}"
EndProject
Project("{9A19103F-16F7-4668-BE54-9A1E7A4F7556}") = "Services.WebApi", "Services.WebApi\Services.WebApi.csproj", "{C454182C-75E7-451F-A87A-BC7B45B843F2}"
EndProject
Project("{FAE04EC0-301F-11D3-BF4B-00C04F79EFBC}") = "Transversal.Logging", "Transversal.Logging\Transversal.Logging.csproj", "{FF274632-CE7D-4921-A88C-4B9C54168189}"
EndProject
Project("{FAE04EC0-301F-11D3-BF4B-00C04F79EFBC}") = "Application.Validator", "Application.Validator\Application.Validator.csproj", "{0D6ACA4A-77B7-41A1-97A7-1C05912BBF7C}"
EndProject
Global
	GlobalSection(SolutionConfigurationPlatforms) = preSolution
		Debug|Any CPU = Debug|Any CPU
		Release|Any CPU = Release|Any CPU
	EndGlobalSection
	GlobalSection(ProjectConfigurationPlatforms) = postSolution
		{561BE245-9333-4626-948E-1A1ACD73003A}.Debug|Any CPU.ActiveCfg = Debug|Any CPU
		{561BE245-9333-4626-948E-1A1ACD73003A}.Debug|Any CPU.Build.0 = Debug|Any CPU
		{561BE245-9333-4626-948E-1A1ACD73003A}.Release|Any CPU.ActiveCfg = Release|Any CPU
		{561BE245-9333-4626-948E-1A1ACD73003A}.Release|Any CPU.Build.0 = Release|Any CPU
		{38777E4D-2A39-4147-BE89-2A220D7B7694}.Debug|Any CPU.ActiveCfg = Debug|Any CPU
		{38777E4D-2A39-4147-BE89-2A220D7B7694}.Debug|Any CPU.Build.0 = Debug|Any CPU
		{38777E4D-2A39-4147-BE89-2A220D7B7694}.Release|Any CPU.ActiveCfg = Release|Any CPU
		{38777E4D-2A39-4147-BE89-2A220D7B7694}.Release|Any CPU.Build.0 = Release|Any CPU
		{0E21A5D8-DE30-4ED6-B3C9-40F0E9C930B5}.Debug|Any CPU.ActiveCfg = Debug|Any CPU
		{0E21A5D8-DE30-4ED6-B3C9-40F0E9C930B5}.Debug|Any CPU.Build.0 = Debug|Any CPU
		{0E21A5D8-DE30-4ED6-B3C9-40F0E9C930B5}.Release|Any CPU.ActiveCfg = Release|Any CPU
		{0E21A5D8-DE30-4ED6-B3C9-40F0E9C930B5}.Release|Any CPU.Build.0 = Release|Any CPU
		{47846A06-BECF-4EEC-84F3-968233281481}.Debug|Any CPU.ActiveCfg = Debug|Any CPU
		{47846A06-BECF-4EEC-84F3-968233281481}.Debug|Any CPU.Build.0 = Debug|Any CPU
		{47846A06-BECF-4EEC-84F3-968233281481}.Release|Any CPU.ActiveCfg = Release|Any CPU
		{47846A06-BECF-4EEC-84F3-968233281481}.Release|Any CPU.Build.0 = Release|Any CPU
		{ACE87C14-D835-469A-8BAA-C97FFFA94711}.Debug|Any CPU.ActiveCfg = Debug|Any CPU
		{ACE87C14-D835-469A-8BAA-C97FFFA94711}.Debug|Any CPU.Build.0 = Debug|Any CPU
		{ACE87C14-D835-469A-8BAA-C97FFFA94711}.Release|Any CPU.ActiveCfg = Release|Any CPU
		{ACE87C14-D835-469A-8BAA-C97FFFA94711}.Release|Any CPU.Build.0 = Release|Any CPU
		{4AF2DE17-49BB-40FE-B5CF-BFDD6CB755FE}.Debug|Any CPU.ActiveCfg = Debug|Any CPU
		{4AF2DE17-49BB-40FE-B5CF-BFDD6CB755FE}.Debug|Any CPU.Build.0 = Debug|Any CPU
		{4AF2DE17-49BB-40FE-B5CF-BFDD6CB755FE}.Release|Any CPU.ActiveCfg = Release|Any CPU
		{4AF2DE17-49BB-40FE-B5CF-BFDD6CB755FE}.Release|Any CPU.Build.0 = Release|Any CPU
		{917A7293-779B-4A1B-81D6-0C623A4730AB}.Debug|Any CPU.ActiveCfg = Debug|Any CPU
		{917A7293-779B-4A1B-81D6-0C623A4730AB}.Debug|Any CPU.Build.0 = Debug|Any CPU
		{917A7293-779B-4A1B-81D6-0C623A4730AB}.Release|Any CPU.ActiveCfg = Release|Any CPU
		{917A7293-779B-4A1B-81D6-0C623A4730AB}.Release|Any CPU.Build.0 = Release|Any CPU
		{565FE311-FCEF-4696-A24E-EBF7033E261C}.Debug|Any CPU.ActiveCfg = Debug|Any CPU
		{565FE311-FCEF-4696-A24E-EBF7033E261C}.Debug|Any CPU.Build.0 = Debug|Any CPU
		{565FE311-FCEF-4696-A24E-EBF7033E261C}.Release|Any CPU.ActiveCfg = Release|Any CPU
		{565FE311-FCEF-4696-A24E-EBF7033E261C}.Release|Any CPU.Build.0 = Release|Any CPU
		{2C7C80EC-125D-4417-B4E7-55F278B1D7CB}.Debug|Any CPU.ActiveCfg = Debug|Any CPU
		{2C7C80EC-125D-4417-B4E7-55F278B1D7CB}.Debug|Any CPU.Build.0 = Debug|Any CPU
		{2C7C80EC-125D-4417-B4E7-55F278B1D7CB}.Release|Any CPU.ActiveCfg = Release|Any CPU
		{2C7C80EC-125D-4417-B4E7-55F278B1D7CB}.Release|Any CPU.Build.0 = Release|Any CPU
		{1FFDDD65-1EA2-46A9-96EF-7EDB34B83C21}.Debug|Any CPU.ActiveCfg = Debug|Any CPU
		{1FFDDD65-1EA2-46A9-96EF-7EDB34B83C21}.Debug|Any CPU.Build.0 = Debug|Any CPU
		{1FFDDD65-1EA2-46A9-96EF-7EDB34B83C21}.Release|Any CPU.ActiveCfg = Release|Any CPU
		{1FFDDD65-1EA2-46A9-96EF-7EDB34B83C21}.Release|Any CPU.Build.0 = Release|Any CPU
		{AF9BA78F-2F0F-484F-8D97-352C0339AE66}.Debug|Any CPU.ActiveCfg = Debug|Any CPU
		{AF9BA78F-2F0F-484F-8D97-352C0339AE66}.Debug|Any CPU.Build.0 = Debug|Any CPU
		{AF9BA78F-2F0F-484F-8D97-352C0339AE66}.Release|Any CPU.ActiveCfg = Release|Any CPU
		{AF9BA78F-2F0F-484F-8D97-352C0339AE66}.Release|Any CPU.Build.0 = Release|Any CPU
		{C454182C-75E7-451F-A87A-BC7B45B843F2}.Debug|Any CPU.ActiveCfg = Debug|Any CPU
		{C454182C-75E7-451F-A87A-BC7B45B843F2}.Debug|Any CPU.Build.0 = Debug|Any CPU
		{C454182C-75E7-451F-A87A-BC7B45B843F2}.Release|Any CPU.ActiveCfg = Release|Any CPU
		{C454182C-75E7-451F-A87A-BC7B45B843F2}.Release|Any CPU.Build.0 = Release|Any CPU
		{FF274632-CE7D-4921-A88C-4B9C54168189}.Debug|Any CPU.ActiveCfg = Debug|Any CPU
		{FF274632-CE7D-4921-A88C-4B9C54168189}.Debug|Any CPU.Build.0 = Debug|Any CPU
		{FF274632-CE7D-4921-A88C-4B9C54168189}.Release|Any CPU.ActiveCfg = Release|Any CPU
		{FF274632-CE7D-4921-A88C-4B9C54168189}.Release|Any CPU.Build.0 = Release|Any CPU
		{0D6ACA4A-77B7-41A1-97A7-1C05912BBF7C}.Debug|Any CPU.ActiveCfg = Debug|Any CPU
		{0D6ACA4A-77B7-41A1-97A7-1C05912BBF7C}.Debug|Any CPU.Build.0 = Debug|Any CPU
		{0D6ACA4A-77B7-41A1-97A7-1C05912BBF7C}.Release|Any CPU.ActiveCfg = Release|Any CPU
		{0D6ACA4A-77B7-41A1-97A7-1C05912BBF7C}.Release|Any CPU.Build.0 = Release|Any CPU
	EndGlobalSection
	GlobalSection(SolutionProperties) = preSolution
		HideSolutionNode = FALSE
	EndGlobalSection
	GlobalSection(NestedProjects) = preSolution
		{561BE245-9333-4626-948E-1A1ACD73003A} = {BA79684A-CA64-4302-863E-A44E66C726BD}
		{38777E4D-2A39-4147-BE89-2A220D7B7694} = {918C0D79-8EC5-4CE9-AF36-3172F8590596}
		{0E21A5D8-DE30-4ED6-B3C9-40F0E9C930B5} = {918C0D79-8EC5-4CE9-AF36-3172F8590596}
		{47846A06-BECF-4EEC-84F3-968233281481} = {E4D3CA20-CB88-4F95-BAE6-2002EB20E1BE}
		{ACE87C14-D835-469A-8BAA-C97FFFA94711} = {918C0D79-8EC5-4CE9-AF36-3172F8590596}
		{4AF2DE17-49BB-40FE-B5CF-BFDD6CB755FE} = {E4D3CA20-CB88-4F95-BAE6-2002EB20E1BE}
		{917A7293-779B-4A1B-81D6-0C623A4730AB} = {E4D3CA20-CB88-4F95-BAE6-2002EB20E1BE}
		{565FE311-FCEF-4696-A24E-EBF7033E261C} = {A8708696-8275-4C26-B217-4E8E0C690C55}
		{2C7C80EC-125D-4417-B4E7-55F278B1D7CB} = {BA79684A-CA64-4302-863E-A44E66C726BD}
		{1FFDDD65-1EA2-46A9-96EF-7EDB34B83C21} = {A8708696-8275-4C26-B217-4E8E0C690C55}
		{AF9BA78F-2F0F-484F-8D97-352C0339AE66} = {A8708696-8275-4C26-B217-4E8E0C690C55}
		{C454182C-75E7-451F-A87A-BC7B45B843F2} = {D8B49820-D0CE-4818-9610-D9EFB02E8F3A}
		{FF274632-CE7D-4921-A88C-4B9C54168189} = {BA79684A-CA64-4302-863E-A44E66C726BD}
		{0D6ACA4A-77B7-41A1-97A7-1C05912BBF7C} = {A8708696-8275-4C26-B217-4E8E0C690C55}
	EndGlobalSection
	GlobalSection(ExtensibilityGlobals) = postSolution
		SolutionGuid = {6DAB1D8A-4D40-44E2-B99F-66DD95F5E0B6}
	EndGlobalSection
EndGlobal
